name: Nix Flake Lock Update
on:
  workflow_dispatch: # manual triggering
  schedule:
    - cron: "0 6 2 * *" # every 2nd of month @ At 06:00

permissions:
  contents: write
  pull-requests: write

jobs:
  update-lockfile:
    runs-on: ubuntu-latest
    steps:
      - uses: actions/checkout@v4

      - uses: DeterminateSystems/nix-installer-action@v16

      - name: Update Flake Lockfile
        uses: DeterminateSystems/update-flake-lock@v24
        with:
          git-author-name: "anntnzrb"
          git-author-email: "anntnzrb@proton.me"
          git-committer-name: "github-actions[bot]"
          git-committer-email: "github-actions[bot]@users.noreply.github.com"
          pr-title: "chore(flake): update lockfile"
          pr-labels: |
            dependencies
            merge-queue
